
Microsoft Visual Studio Solution File, Format Version 12.00
# Visual Studio Version 17
VisualStudioVersion = 17.6.33801.468
MinimumVisualStudioVersion = 10.0.40219.1
Project("{FAE04EC0-301F-11D3-BF4B-00C04F79EFBC}") = "CadastroDeContatos", "CadastroDeContatos.csproj", "{99774930-D7F0-46A1-84D7-2F58F5856D89}"
EndProject
Global
	GlobalSection(SolutionConfigurationPlatforms) = preSolution
		Debug|Any CPU = Debug|Any CPU
		Release|Any CPU = Release|Any CPU
	EndGlobalSection
	GlobalSection(ProjectConfigurationPlatforms) = postSolution
		{99774930-D7F0-46A1-84D7-2F58F5856D89}.Debug|Any CPU.ActiveCfg = Debug|Any CPU
		{99774930-D7F0-46A1-84D7-2F58F5856D89}.Debug|Any CPU.Build.0 = Debug|Any CPU
		{99774930-D7F0-46A1-84D7-2F58F5856D89}.Release|Any CPU.ActiveCfg = Release|Any CPU
		{99774930-D7F0-46A1-84D7-2F58F5856D89}.Release|Any CPU.Build.0 = Release|Any CPU
	EndGlobalSection
	GlobalSection(SolutionProperties) = preSolution
		HideSolutionNode = FALSE
	EndGlobalSection
	GlobalSection(ExtensibilityGlobals) = postSolution
		SolutionGuid = {1EF6D39F-E758-407E-AEB3-19D9932FE0B4}
	EndGlobalSection
EndGlobal
